// !$*UTF8*$!
{
	archiveVersion = 1;
	classes = {
	};
	objectVersion = 50;
	objects = {

/* Begin PBXBuildFile section */
		AD049CC522BB132B0023A70A /* AppDelegate.m in Sources */ = {isa = PBXBuildFile; fileRef = AD049CC422BB132B0023A70A /* AppDelegate.m */; };
		AD049CC822BB132B0023A70A /* FirstViewController.m in Sources */ = {isa = PBXBuildFile; fileRef = AD049CC722BB132B0023A70A /* FirstViewController.m */; };
		AD049CCB22BB132B0023A70A /* SecondViewController.m in Sources */ = {isa = PBXBuildFile; fileRef = AD049CCA22BB132B0023A70A /* SecondViewController.m */; };
		AD049CCE22BB132B0023A70A /* Main.storyboard in Resources */ = {isa = PBXBuildFile; fileRef = AD049CCC22BB132B0023A70A /* Main.storyboard */; };
		AD049CD022BB132D0023A70A /* Assets.xcassets in Resources */ = {isa = PBXBuildFile; fileRef = AD049CCF22BB132D0023A70A /* Assets.xcassets */; };
		AD049CD322BB132D0023A70A /* LaunchScreen.storyboard in Resources */ = {isa = PBXBuildFile; fileRef = AD049CD122BB132D0023A70A /* LaunchScreen.storyboard */; };
		AD049CD622BB132D0023A70A /* main.m in Sources */ = {isa = PBXBuildFile; fileRef = AD049CD522BB132D0023A70A /* main.m */; };
		AD049CDE22BB13BF0023A70A /* FirstChildViewController.m in Sources */ = {isa = PBXBuildFile; fileRef = AD049CDD22BB13BF0023A70A /* FirstChildViewController.m */; };
		AD049CE122BB13CB0023A70A /* SecondChildViewController.m in Sources */ = {isa = PBXBuildFile; fileRef = AD049CE022BB13CB0023A70A /* SecondChildViewController.m */; };
/* End PBXBuildFile section */

/* Begin PBXFileReference section */
		AD049CC022BB132B0023A70A /* TabbarJump.app */ = {isa = PBXFileReference; explicitFileType = wrapper.application; includeInIndex = 0; path = TabbarJump.app; sourceTree = BUILT_PRODUCTS_DIR; };
		AD049CC322BB132B0023A70A /* AppDelegate.h */ = {isa = PBXFileReference; lastKnownFileType = sourcecode.c.h; path = AppDelegate.h; sourceTree = "<group>"; };
		AD049CC422BB132B0023A70A /* AppDelegate.m */ = {isa = PBXFileReference; lastKnownFileType = sourcecode.c.objc; path = AppDelegate.m; sourceTree = "<group>"; };
		AD049CC622BB132B0023A70A /* FirstViewController.h */ = {isa = PBXFileReference; lastKnownFileType = sourcecode.c.h; path = FirstViewController.h; sourceTree = "<group>"; };
		AD049CC722BB132B0023A70A /* FirstViewController.m */ = {isa = PBXFileReference; lastKnownFileType = sourcecode.c.objc; path = FirstViewController.m; sourceTree = "<group>"; };
		AD049CC922BB132B0023A70A /* SecondViewController.h */ = {isa = PBXFileReference; lastKnownFileType = sourcecode.c.h; path = SecondViewController.h; sourceTree = "<group>"; };
		AD049CCA22BB132B0023A70A /* SecondViewController.m */ = {isa = PBXFileReference; lastKnownFileType = sourcecode.c.objc; path = SecondViewController.m; sourceTree = "<group>"; };
		AD049CCD22BB132B0023A70A /* Base */ = {isa = PBXFileReference; lastKnownFileType = file.storyboard; name = Base; path = Base.lproj/Main.storyboard; sourceTree = "<group>"; };
		AD049CCF22BB132D0023A70A /* Assets.xcassets */ = {isa = PBXFileReference; lastKnownFileType = folder.assetcatalog; path = Assets.xcassets; sourceTree = "<group>"; };
		AD049CD222BB132D0023A70A /* Base */ = {isa = PBXFileReference; lastKnownFileType = file.storyboard; name = Base; path = Base.lproj/LaunchScreen.storyboard; sourceTree = "<group>"; };
		AD049CD422BB132D0023A70A /* Info.plist */ = {isa = PBXFileReference; lastKnownFileType = text.plist.xml; path = Info.plist; sourceTree = "<group>"; };
		AD049CD522BB132D0023A70A /* main.m */ = {isa = PBXFileReference; lastKnownFileType = sourcecode.c.objc; path = main.m; sourceTree = "<group>"; };
		AD049CDC22BB13BF0023A70A /* FirstChildViewController.h */ = {isa = PBXFileReference; lastKnownFileType = sourcecode.c.h; path = FirstChildViewController.h; sourceTree = "<group>"; };
		AD049CDD22BB13BF0023A70A /* FirstChildViewController.m */ = {isa = PBXFileReference; lastKnownFileType = sourcecode.c.objc; path = FirstChildViewController.m; sourceTree = "<group>"; };
		AD049CDF22BB13CB0023A70A /* SecondChildViewController.h */ = {isa = PBXFileReference; lastKnownFileType = sourcecode.c.h; path = SecondChildViewController.h; sourceTree = "<group>"; };
		AD049CE022BB13CB0023A70A /* SecondChildViewController.m */ = {isa = PBXFileReference; lastKnownFileType = sourcecode.c.objc; path = SecondChildViewController.m; sourceTree = "<group>"; };
/* End PBXFileReference section */

/* Begin PBXFrameworksBuildPhase section */
		AD049CBD22BB132B0023A70A /* Frameworks */ = {
			isa = PBXFrameworksBuildPhase;
			buildActionMask = 2147483647;
			files = (
			);
			runOnlyForDeploymentPostprocessing = 0;
		};
/* End PBXFrameworksBuildPhase section */

/* Begin PBXGroup section */
		AD049CB722BB132B0023A70A = {
			isa = PBXGroup;
			children = (
				AD049CC222BB132B0023A70A /* TabbarJump */,
				AD049CC122BB132B0023A70A /* Products */,
			);
			sourceTree = "<group>";
		};
		AD049CC122BB132B0023A70A /* Products */ = {
			isa = PBXGroup;
			children = (
				AD049CC022BB132B0023A70A /* TabbarJump.app */,
			);
			name = Products;
			sourceTree = "<group>";
		};
		AD049CC222BB132B0023A70A /* TabbarJump */ = {
			isa = PBXGroup;
			children = (
				AD049CC322BB132B0023A70A /* AppDelegate.h */,
				AD049CC422BB132B0023A70A /* AppDelegate.m */,
				AD049CC622BB132B0023A70A /* FirstViewController.h */,
				AD049CC722BB132B0023A70A /* FirstViewController.m */,
				AD049CDC22BB13BF0023A70A /* FirstChildViewController.h */,
				AD049CDD22BB13BF0023A70A /* FirstChildViewController.m */,
				AD049CC922BB132B0023A70A /* SecondViewController.h */,
				AD049CCA22BB132B0023A70A /* SecondViewController.m */,
				AD049CDF22BB13CB0023A70A /* SecondChildViewController.h */,
				AD049CE022BB13CB0023A70A /* SecondChildViewController.m */,
				AD049CCC22BB132B0023A70A /* Main.storyboard */,
				AD049CCF22BB132D0023A70A /* Assets.xcassets */,
				AD049CD122BB132D0023A70A /* LaunchScreen.storyboard */,
				AD049CD422BB132D0023A70A /* Info.plist */,
				AD049CD522BB132D0023A70A /* main.m */,
			);
			path = TabbarJump;
			sourceTree = "<group>";
		};
/* End PBXGroup section */

/* Begin PBXNativeTarget section */
		AD049CBF22BB132B0023A70A /* TabbarJump */ = {
			isa = PBXNativeTarget;
			buildConfigurationList = AD049CD922BB132D0023A70A /* Build configuration list for PBXNativeTarget "TabbarJump" */;
			buildPhases = (
				AD049CBC22BB132B0023A70A /* Sources */,
				AD049CBD22BB132B0023A70A /* Frameworks */,
				AD049CBE22BB132B0023A70A /* Resources */,
			);
			buildRules = (
			);
			dependencies = (
			);
			name = TabbarJump;
			productName = TabbarJump;
			productReference = AD049CC022BB132B0023A70A /* TabbarJump.app */;
			productType = "com.apple.product-type.application";
		};
/* End PBXNativeTarget section */

/* Begin PBXProject section */
		AD049CB822BB132B0023A70A /* Project object */ = {
			isa = PBXProject;
			attributes = {
				LastUpgradeCheck = 1020;
				ORGANIZATIONNAME = gejiangs;
				TargetAttributes = {
					AD049CBF22BB132B0023A70A = {
						CreatedOnToolsVersion = 10.2.1;
					};
				};
			};
			buildConfigurationList = AD049CBB22BB132B0023A70A /* Build configuration list for PBXProject "TabbarJump" */;
			compatibilityVersion = "Xcode 9.3";
			developmentRegion = en;
			hasScannedForEncodings = 0;
			knownRegions = (
				en,
				Base,
			);
			mainGroup = AD049CB722BB132B0023A70A;
			productRefGroup = AD049CC122BB132B0023A70A /* Products */;
			projectDirPath = "";
			projectRoot = "";
			targets = (
				AD049CBF22BB132B0023A70A /* TabbarJump */,
			);
		};
/* End PBXProject section */

/* Begin PBXResourcesBuildPhase section */
		AD049CBE22BB132B0023A70A /* Resources */ = {
			isa = PBXResourcesBuildPhase;
			buildActionMask = 2147483647;
			files = (
				AD049CD322BB132D0023A70A /* LaunchScreen.storyboard in Resources */,
				AD049CD022BB132D0023A70A /* Assets.xcassets in Resources */,
				AD049CCE22BB132B0023A70A /* Main.storyboard in Resources */,
			);
			runOnlyForDeploymentPostprocessing = 0;
		};
/* End PBXResourcesBuildPhase section */

/* Begin PBXSourcesBuildPhase section */
		AD049CBC22BB132B0023A70A /* Sources */ = {
			isa = PBXSourcesBuildPhase;
			buildActionMask = 2147483647;
			files = (
				AD049CCB22BB132B0023A70A /* SecondViewController.m in Sources */,
				AD049CDE22BB13BF0023A70A /* FirstChildViewController.m in Sources */,
				AD049CC522BB132B0023A70A /* AppDelegate.m in Sources */,
				AD049CE122BB13CB0023A70A /* SecondChildViewController.m in Sources */,
				AD049CD622BB132D0023A70A /* main.m in Sources */,
				AD049CC822BB132B0023A70A /* FirstViewController.m in Sources */,
			);
			runOnlyForDeploymentPostprocessing = 0;
		};
/* End PBXSourcesBuildPhase section */

/* Begin PBXVariantGroup section */
		AD049CCC22BB132B0023A70A /* Main.storyboard */ = {
			isa = PBXVariantGroup;
			children = (
				AD049CCD22BB132B0023A70A /* Base */,
			);
			name = Main.storyboard;
			sourceTree = "<group>";
		};
		AD049CD122BB132D0023A70A /* LaunchScreen.storyboard */ = {
			isa = PBXVariantGroup;
			children = (
				AD049CD222BB132D0023A70A /* Base */,
			);
			name = LaunchScreen.storyboard;
			sourceTree = "<group>";
		};
/* End PBXVariantGroup section */

/* Begin XCBuildConfiguration section */
		AD049CD722BB132D0023A70A /* Debug */ = {
			isa = XCBuildConfiguration;
			buildSettings = {
				ALWAYS_SEARCH_USER_PATHS = NO;
				CLANG_ANALYZER_NONNULL = YES;
				CLANG_ANALYZER_NUMBER_OBJECT_CONVERSION = YES_AGGRESSIVE;
				CLANG_CXX_LANGUAGE_STANDARD = "gnu++14";
				CLANG_CXX_LIBRARY = "libc++";
				CLANG_ENABLE_MODULES = YES;
				CLANG_ENABLE_OBJC_ARC = YES;
				CLANG_ENABLE_OBJC_WEAK = YES;
				CLANG_WARN_BLOCK_CAPTURE_AUTORELEASING = YES;
				CLANG_WARN_BOOL_CONVERSION = YES;
				CLANG_WARN_COMMA = YES;
				CLANG_WARN_CONSTANT_CONVERSION = YES;
				CLANG_WARN_DEPRECATED_OBJC_IMPLEMENTATIONS = YES;
				CLANG_WARN_DIRECT_OBJC_ISA_USAGE = YES_ERROR;
				CLANG_WARN_DOCUMENTATION_COMMENTS = YES;
				CLANG_WARN_EMPTY_BODY = YES;
				CLANG_WARN_ENUM_CONVERSION = YES;
				CLANG_WARN_INFINITE_RECURSION = YES;
				CLANG_WARN_INT_CONVERSION = YES;
				CLANG_WARN_NON_LITERAL_NULL_CONVERSION = YES;
				CLANG_WARN_OBJC_IMPLICIT_RETAIN_SELF = YES;
				CLANG_WARN_OBJC_LITERAL_CONVERSION = YES;
				CLANG_WARN_OBJC_ROOT_CLASS = YES_ERROR;
				CLANG_WARN_RANGE_LOOP_ANALYSIS = YES;
				CLANG_WARN_STRICT_PROTOTYPES = YES;
				CLANG_WARN_SUSPICIOUS_MOVE = YES;
				CLANG_WARN_UNGUARDED_AVAILABILITY = YES_AGGRESSIVE;
				CLANG_WARN_UNREACHABLE_CODE = YES;
				CLANG_WARN__DUPLICATE_METHOD_MATCH = YES;
				CODE_SIGN_IDENTITY = "iPhone Developer";
				COPY_PHASE_STRIP = NO;
				DEBUG_INFORMATION_FORMAT = dwarf;
				ENABLE_STRICT_OBJC_MSGSEND = YES;
				ENABLE_TESTABILITY = YES;
				GCC_C_LANGUAGE_STANDARD = gnu11;
				GCC_DYNAMIC_NO_PIC = NO;
				GCC_NO_COMMON_BLOCKS = YES;
				GCC_OPTIMIZATION_LEVEL = 0;
				GCC_PREPROCESSOR_DEFINITIONS = (
					"DEBUG=1",
					"$(inherited)",
				);
				GCC_WARN_64_TO_32_BIT_CONVERSION = YES;
				GCC_WARN_ABOUT_RETURN_TYPE = YES_ERROR;
				GCC_WARN_UNDECLARED_SELECTOR = YES;
				GCC_WARN_UNINITIALIZED_AUTOS = YES_AGGRESSIVE;
				GCC_WARN_UNUSED_FUNCTION = YES;
				GCC_WARN_UNUSED_VARIABLE = YES;
				IPHONEOS_DEPLOYMENT_TARGET = 12.2;
				MTL_ENABLE_DEBUG_INFO = INCLUDE_SOURCE;
				MTL_FAST_MATH = YES;
				ONLY_ACTIVE_ARCH = YES;
				SDKROOT = iphoneos;
			};
			name = Debug;
		};
		AD049CD822BB132D0023A70A /* Release */ = {
			isa = XCBuildConfiguration;
			buildSettings = {
				ALWAYS_SEARCH_USER_PATHS = NO;
				CLANG_ANALYZER_NONNULL = YES;
				CLANG_ANALYZER_NUMBER_OBJECT_CONVERSION = YES_AGGRESSIVE;
				CLANG_CXX_LANGUAGE_STANDARD = "gnu++14";
				CLANG_CXX_LIBRARY = "libc++";
				CLANG_ENABLE_MODULES = YES;
				CLANG_ENABLE_OBJC_ARC = YES;
				CLANG_ENABLE_OBJC_WEAK = YES;
				CLANG_WARN_BLOCK_CAPTURE_AUTORELEASING = YES;
				CLANG_WARN_BOOL_CONVERSION = YES;
				CLANG_WARN_COMMA = YES;
				CLANG_WARN_CONSTANT_CONVERSION = YES;
				CLANG_WARN_DEPRECATED_OBJC_IMPLEMENTATIONS = YES;
				CLANG_WARN_DIRECT_OBJC_ISA_USAGE = YES_ERROR;
				CLANG_WARN_DOCUMENTATION_COMMENTS = YES;
				CLANG_WARN_EMPTY_BODY = YES;
				CLANG_WARN_ENUM_CONVERSION = YES;
				CLANG_WARN_INFINITE_RECURSION = YES;
				CLANG_WARN_INT_CONVERSION = YES;
				CLANG_WARN_NON_LITERAL_NULL_CONVERSION = YES;
				CLANG_WARN_OBJC_IMPLICIT_RETAIN_SELF = YES;
				CLANG_WARN_OBJC_LITERAL_CONVERSION = YES;
				CLANG_WARN_OBJC_ROOT_CLASS = YES_ERROR;
				CLANG_WARN_RANGE_LOOP_ANALYSIS = YES;
				CLANG_WARN_STRICT_PROTOTYPES = YES;
				CLANG_WARN_SUSPICIOUS_MOVE = YES;
				CLANG_WARN_UNGUARDED_AVAILABILITY = YES_AGGRESSIVE;
				CLANG_WARN_UNREACHABLE_CODE = YES;
				CLANG_WARN__DUPLICATE_METHOD_MATCH = YES;
				CODE_SIGN_IDENTITY = "iPhone Developer";
				COPY_PHASE_STRIP = NO;
				DEBUG_INFORMATION_FORMAT = "dwarf-with-dsym";
				ENABLE_NS_ASSERTIONS = NO;
				ENABLE_STRICT_OBJC_MSGSEND = YES;
				GCC_C_LANGUAGE_STANDARD = gnu11;
				GCC_NO_COMMON_BLOCKS = YES;
				GCC_WARN_64_TO_32_BIT_CONVERSION = YES;
				GCC_WARN_ABOUT_RETURN_TYPE = YES_ERROR;
				GCC_WARN_UNDECLARED_SELECTOR = YES;
				GCC_WARN_UNINITIALIZED_AUTOS = YES_AGGRESSIVE;
				GCC_WARN_UNUSED_FUNCTION = YES;
				GCC_WARN_UNUSED_VARIABLE = YES;
				IPHONEOS_DEPLOYMENT_TARGET = 12.2;
				MTL_ENABLE_DEBUG_INFO = NO;
				MTL_FAST_MATH = YES;
				SDKROOT = iphoneos;
				VALIDATE_PRODUCT = YES;
			};
			name = Release;
		};
		AD049CDA22BB132D0023A70A /* Debug */ = {
			isa = XCBuildConfiguration;
			buildSettings = {
				ASSETCATALOG_COMPILER_APPICON_NAME = AppIcon;
				CODE_SIGN_STYLE = Automatic;
				DEVELOPMENT_TEAM = KZP9CL2A5P;
				INFOPLIST_FILE = TabbarJump/Info.plist;
				IPHONEOS_DEPLOYMENT_TARGET = 10.0;
				LD_RUNPATH_SEARCH_PATHS = (
					"$(inherited)",
					"@executable_path/Frameworks",
				);
				PRODUCT_BUNDLE_IDENTIFIER = com.gejiangs.TabbarJump;
				PRODUCT_NAME = "$(TARGET_NAME)";
				TARGETED_DEVICE_FAMILY = "1,2";
			};
			name = Debug;
		};
		AD049CDB22BB132D0023A70A /* Release */ = {
			isa = XCBuildConfiguration;
			buildSettings = {
				ASSETCATALOG_COMPILER_APPICON_NAME = AppIcon;
				CODE_SIGN_STYLE = Automatic;
				DEVELOPMENT_TEAM = KZP9CL2A5P;
				INFOPLIST_FILE = TabbarJump/Info.plist;
				IPHONEOS_DEPLOYMENT_TARGET = 10.0;
				LD_RUNPATH_SEARCH_PATHS = (
					"$(inherited)",
					"@executable_path/Frameworks",
				);
				PRODUCT_BUNDLE_IDENTIFIER = com.gejiangs.TabbarJump;
				PRODUCT_NAME = "$(TARGET_NAME)";
				TARGETED_DEVICE_FAMILY = "1,2";
			};
			name = Release;
		};
/* End XCBuildConfiguration section */

/* Begin XCConfigurationList section */
		AD049CBB22BB132B0023A70A /* Build configuration list for PBXProject "TabbarJump" */ = {
			isa = XCConfigurationList;
			buildConfigurations = (
				AD049CD722BB132D0023A70A /* Debug */,
				AD049CD822BB132D0023A70A /* Release */,
			);
			defaultConfigurationIsVisible = 0;
			defaultConfigurationName = Release;
		};
		AD049CD922BB132D0023A70A /* Build configuration list for PBXNativeTarget "TabbarJump" */ = {
			isa = XCConfigurationList;
			buildConfigurations = (
				AD049CDA22BB132D0023A70A /* Debug */,
				AD049CDB22BB132D0023A70A /* Release */,
			);
			defaultConfigurationIsVisible = 0;
			defaultConfigurationName = Release;
		};
/* End XCConfigurationList section */
	};
	rootObject = AD049CB822BB132B0023A70A /* Project object */;
}
